// !$*UTF8*$!
{
	archiveVersion = 1;
	classes = {
	};
	objectVersion = 46;
	objects = {

/* Begin PBXBuildFile section */
		B9E7D7551D47EDD0004596BD /* AppDelegate.swift in Sources */ = {isa = PBXBuildFile; fileRef = B9E7D7541D47EDD0004596BD /* AppDelegate.swift */; };
		B9E7D7571D47EDD0004596BD /* ViewController.swift in Sources */ = {isa = PBXBuildFile; fileRef = B9E7D7561D47EDD0004596BD /* ViewController.swift */; };
		B9E7D75A1D47EDD0004596BD /* Main.storyboard in Resources */ = {isa = PBXBuildFile; fileRef = B9E7D7581D47EDD0004596BD /* Main.storyboard */; };
		B9E7D75C1D47EDD0004596BD /* Assets.xcassets in Resources */ = {isa = PBXBuildFile; fileRef = B9E7D75B1D47EDD0004596BD /* Assets.xcassets */; };
		B9E7D75F1D47EDD0004596BD /* LaunchScreen.storyboard in Resources */ = {isa = PBXBuildFile; fileRef = B9E7D75D1D47EDD0004596BD /* LaunchScreen.storyboard */; };
/* End PBXBuildFile section */

/* Begin PBXFileReference section */
		B9E7D7511D47EDD0004596BD /* gitHubExample.app */ = {isa = PBXFileReference; explicitFileType = wrapper.application; includeInIndex = 0; path = gitHubExample.app; sourceTree = BUILT_PRODUCTS_DIR; };
		B9E7D7541D47EDD0004596BD /* AppDelegate.swift */ = {isa = PBXFileReference; lastKnownFileType = sourcecode.swift; path = AppDelegate.swift; sourceTree = "<group>"; };
		B9E7D7561D47EDD0004596BD /* ViewController.swift */ = {isa = PBXFileReference; lastKnownFileType = sourcecode.swift; path = ViewController.swift; sourceTree = "<group>"; };
		B9E7D7591D47EDD0004596BD /* Base */ = {isa = PBXFileReference; lastKnownFileType = file.storyboard; name = Base; path = Base.lproj/Main.storyboard; sourceTree = "<group>"; };
		B9E7D75B1D47EDD0004596BD /* Assets.xcassets */ = {isa = PBXFileReference; lastKnownFileType = folder.assetcatalog; path = Assets.xcassets; sourceTree = "<group>"; };
		B9E7D75E1D47EDD0004596BD /* Base */ = {isa = PBXFileReference; lastKnownFileType = file.storyboard; name = Base; path = Base.lproj/LaunchScreen.storyboard; sourceTree = "<group>"; };
		B9E7D7601D47EDD0004596BD /* Info.plist */ = {isa = PBXFileReference; lastKnownFileType = text.plist.xml; path = Info.plist; sourceTree = "<group>"; };
/* End PBXFileReference section */

/* Begin PBXFrameworksBuildPhase section */
		B9E7D74E1D47EDD0004596BD /* Frameworks */ = {
			isa = PBXFrameworksBuildPhase;
			buildActionMask = 2147483647;
			files = (
			);
			runOnlyForDeploymentPostprocessing = 0;
		};
/* End PBXFrameworksBuildPhase section */

/* Begin PBXGroup section */
		B9E7D7481D47EDD0004596BD = {
			isa = PBXGroup;
			children = (
				B9E7D7531D47EDD0004596BD /* gitHubExample */,
				B9E7D7521D47EDD0004596BD /* Products */,
			);
			sourceTree = "<group>";
		};
		B9E7D7521D47EDD0004596BD /* Products */ = {
			isa = PBXGroup;
			children = (
				B9E7D7511D47EDD0004596BD /* gitHubExample.app */,
			);
			name = Products;
			sourceTree = "<group>";
		};
		B9E7D7531D47EDD0004596BD /* gitHubExample */ = {
			isa = PBXGroup;
			children = (
				B9E7D7541D47EDD0004596BD /* AppDelegate.swift */,
				B9E7D7561D47EDD0004596BD /* ViewController.swift */,
				B9E7D7581D47EDD0004596BD /* Main.storyboard */,
				B9E7D75B1D47EDD0004596BD /* Assets.xcassets */,
				B9E7D75D1D47EDD0004596BD /* LaunchScreen.storyboard */,
				B9E7D7601D47EDD0004596BD /* Info.plist */,
			);
			path = gitHubExample;
			sourceTree = "<group>";
		};
/* End PBXGroup section */

/* Begin PBXNativeTarget section */
		B9E7D7501D47EDD0004596BD /* gitHubExample */ = {
			isa = PBXNativeTarget;
			buildConfigurationList = B9E7D7631D47EDD0004596BD /* Build configuration list for PBXNativeTarget "gitHubExample" */;
			buildPhases = (
				B9E7D74D1D47EDD0004596BD /* Sources */,
				B9E7D74E1D47EDD0004596BD /* Frameworks */,
				B9E7D74F1D47EDD0004596BD /* Resources */,
			);
			buildRules = (
			);
			dependencies = (
			);
			name = gitHubExample;
			productName = gitHubExample;
			productReference = B9E7D7511D47EDD0004596BD /* gitHubExample.app */;
			productType = "com.apple.product-type.application";
		};
/* End PBXNativeTarget section */

/* Begin PBXProject section */
		B9E7D7491D47EDD0004596BD /* Project object */ = {
			isa = PBXProject;
			attributes = {
				LastSwiftUpdateCheck = 0730;
				LastUpgradeCheck = 0730;
				ORGANIZATIONNAME = panther;
				TargetAttributes = {
					B9E7D7501D47EDD0004596BD = {
						CreatedOnToolsVersion = 7.3.1;
					};
				};
			};
			buildConfigurationList = B9E7D74C1D47EDD0004596BD /* Build configuration list for PBXProject "gitHubExample" */;
			compatibilityVersion = "Xcode 3.2";
			developmentRegion = English;
			hasScannedForEncodings = 0;
			knownRegions = (
				en,
				Base,
			);
			mainGroup = B9E7D7481D47EDD0004596BD;
			productRefGroup = B9E7D7521D47EDD0004596BD /* Products */;
			projectDirPath = "";
			projectRoot = "";
			targets = (
				B9E7D7501D47EDD0004596BD /* gitHubExample */,
			);
		};
/* End PBXProject section */

/* Begin PBXResourcesBuildPhase section */
		B9E7D74F1D47EDD0004596BD /* Resources */ = {
			isa = PBXResourcesBuildPhase;
			buildActionMask = 2147483647;
			files = (
				B9E7D75F1D47EDD0004596BD /* LaunchScreen.storyboard in Resources */,
				B9E7D75C1D47EDD0004596BD /* Assets.xcassets in Resources */,
				B9E7D75A1D47EDD0004596BD /* Main.storyboard in Resources */,
			);
			runOnlyForDeploymentPostprocessing = 0;
		};
/* End PBXResourcesBuildPhase section */

/* Begin PBXSourcesBuildPhase section */
		B9E7D74D1D47EDD0004596BD /* Sources */ = {
			isa = PBXSourcesBuildPhase;
			buildActionMask = 2147483647;
			files = (
				B9E7D7571D47EDD0004596BD /* ViewController.swift in Sources */,
				B9E7D7551D47EDD0004596BD /* AppDelegate.swift in Sources */,
			);
			runOnlyForDeploymentPostprocessing = 0;
		};
/* End PBXSourcesBuildPhase section */

/* Begin PBXVariantGroup section */
		B9E7D7581D47EDD0004596BD /* Main.storyboard */ = {
			isa = PBXVariantGroup;
			children = (
				B9E7D7591D47EDD0004596BD /* Base */,
			);
			name = Main.storyboard;
			sourceTree = "<group>";
		};
		B9E7D75D1D47EDD0004596BD /* LaunchScreen.storyboard */ = {
			isa = PBXVariantGroup;
			children = (
				B9E7D75E1D47EDD0004596BD /* Base */,
			);
			name = LaunchScreen.storyboard;
			sourceTree = "<group>";
		};
/* End PBXVariantGroup section */

/* Begin XCBuildConfiguration section */
		B9E7D7611D47EDD0004596BD /* Debug */ = {
			isa = XCBuildConfiguration;
			buildSettings = {
				ALWAYS_SEARCH_USER_PATHS = NO;
				CLANG_ANALYZER_NONNULL = YES;
				CLANG_CXX_LANGUAGE_STANDARD = "gnu++0x";
				CLANG_CXX_LIBRARY = "libc++";
				CLANG_ENABLE_MODULES = YES;
				CLANG_ENABLE_OBJC_ARC = YES;
				CLANG_WARN_BOOL_CONVERSION = YES;
				CLANG_WARN_CONSTANT_CONVERSION = YES;
				CLANG_WARN_DIRECT_OBJC_ISA_USAGE = YES_ERROR;
				CLANG_WARN_EMPTY_BODY = YES;
				CLANG_WARN_ENUM_CONVERSION = YES;
				CLANG_WARN_INT_CONVERSION = YES;
				CLANG_WARN_OBJC_ROOT_CLASS = YES_ERROR;
				CLANG_WARN_UNREACHABLE_CODE = YES;
				CLANG_WARN__DUPLICATE_METHOD_MATCH = YES;
				"CODE_SIGN_IDENTITY[sdk=iphoneos*]" = "iPhone Developer";
				COPY_PHASE_STRIP = NO;
				DEBUG_INFORMATION_FORMAT = dwarf;
				ENABLE_STRICT_OBJC_MSGSEND = YES;
				ENABLE_TESTABILITY = YES;
				GCC_C_LANGUAGE_STANDARD = gnu99;
				GCC_DYNAMIC_NO_PIC = NO;
				GCC_NO_COMMON_BLOCKS = YES;
				GCC_OPTIMIZATION_LEVEL = 0;
				GCC_PREPROCESSOR_DEFINITIONS = (
					"DEBUG=1",
					"$(inherited)",
				);
				GCC_WARN_64_TO_32_BIT_CONVERSION = YES;
				GCC_WARN_ABOUT_RETURN_TYPE = YES_ERROR;
				GCC_WARN_UNDECLARED_SELECTOR = YES;
				GCC_WARN_UNINITIALIZED_AUTOS = YES_AGGRESSIVE;
				GCC_WARN_UNUSED_FUNCTION = YES;
				GCC_WARN_UNUSED_VARIABLE = YES;
				IPHONEOS_DEPLOYMENT_TARGET = 9.3;
				MTL_ENABLE_DEBUG_INFO = YES;
				ONLY_ACTIVE_ARCH = YES;
				SDKROOT = iphoneos;
				SWIFT_OPTIMIZATION_LEVEL = "-Onone";
				TARGETED_DEVICE_FAMILY = "1,2";
			};
			name = Debug;
		};
		B9E7D7621D47EDD0004596BD /* Release */ = {
			isa = XCBuildConfiguration;
			buildSettings = {
				ALWAYS_SEARCH_USER_PATHS = NO;
				CLANG_ANALYZER_NONNULL = YES;
				CLANG_CXX_LANGUAGE_STANDARD = "gnu++0x";
				CLANG_CXX_LIBRARY = "libc++";
				CLANG_ENABLE_MODULES = YES;
				CLANG_ENABLE_OBJC_ARC = YES;
				CLANG_WARN_BOOL_CONVERSION = YES;
				CLANG_WARN_CONSTANT_CONVERSION = YES;
				CLANG_WARN_DIRECT_OBJC_ISA_USAGE = YES_ERROR;
				CLANG_WARN_EMPTY_BODY = YES;
				CLANG_WARN_ENUM_CONVERSION = YES;
				CLANG_WARN_INT_CONVERSION = YES;
				CLANG_WARN_OBJC_ROOT_CLASS = YES_ERROR;
				CLANG_WARN_UNREACHABLE_CODE = YES;
				CLANG_WARN__DUPLICATE_METHOD_MATCH = YES;
				"CODE_SIGN_IDENTITY[sdk=iphoneos*]" = "iPhone Developer";
				COPY_PHASE_STRIP = NO;
				DEBUG_INFORMATION_FORMAT = "dwarf-with-dsym";
				ENABLE_NS_ASSERTIONS = NO;
				ENABLE_STRICT_OBJC_MSGSEND = YES;
				GCC_C_LANGUAGE_STANDARD = gnu99;
				GCC_NO_COMMON_BLOCKS = YES;
				GCC_WARN_64_TO_32_BIT_CONVERSION = YES;
				GCC_WARN_ABOUT_RETURN_TYPE = YES_ERROR;
				GCC_WARN_UNDECLARED_SELECTOR = YES;
				GCC_WARN_UNINITIALIZED_AUTOS = YES_AGGRESSIVE;
				GCC_WARN_UNUSED_FUNCTION = YES;
				GCC_WARN_UNUSED_VARIABLE = YES;
				IPHONEOS_DEPLOYMENT_TARGET = 9.3;
				MTL_ENABLE_DEBUG_INFO = NO;
				SDKROOT = iphoneos;
				TARGETED_DEVICE_FAMILY = "1,2";
				VALIDATE_PRODUCT = YES;
			};
			name = Release;
		};
		B9E7D7641D47EDD0004596BD /* Debug */ = {
			isa = XCBuildConfiguration;
			buildSettings = {
				ASSETCATALOG_COMPILER_APPICON_NAME = AppIcon;
				INFOPLIST_FILE = gitHubExample/Info.plist;
				LD_RUNPATH_SEARCH_PATHS = "$(inherited) @executable_path/Frameworks";
				PRODUCT_BUNDLE_IDENTIFIER = von.gitHubExample;
				PRODUCT_NAME = "$(TARGET_NAME)";
			};
			name = Debug;
		};
		B9E7D7651D47EDD0004596BD /* Release */ = {
			isa = XCBuildConfiguration;
			buildSettings = {
				ASSETCATALOG_COMPILER_APPICON_NAME = AppIcon;
				INFOPLIST_FILE = gitHubExample/Info.plist;
				LD_RUNPATH_SEARCH_PATHS = "$(inherited) @executable_path/Frameworks";
				PRODUCT_BUNDLE_IDENTIFIER = von.gitHubExample;
				PRODUCT_NAME = "$(TARGET_NAME)";
			};
			name = Release;
		};
/* End XCBuildConfiguration section */

/* Begin XCConfigurationList section */
		B9E7D74C1D47EDD0004596BD /* Build configuration list for PBXProject "gitHubExample" */ = {
			isa = XCConfigurationList;
			buildConfigurations = (
				B9E7D7611D47EDD0004596BD /* Debug */,
				B9E7D7621D47EDD0004596BD /* Release */,
			);
			defaultConfigurationIsVisible = 0;
			defaultConfigurationName = Release;
		};
		B9E7D7631D47EDD0004596BD /* Build configuration list for PBXNativeTarget "gitHubExample" */ = {
			isa = XCConfigurationList;
			buildConfigurations = (
				B9E7D7641D47EDD0004596BD /* Debug */,
				B9E7D7651D47EDD0004596BD /* Release */,
			);
			defaultConfigurationIsVisible = 0;
		};
/* End XCConfigurationList section */
	};
	rootObject = B9E7D7491D47EDD0004596BD /* Project object */;
}
